// !$*UTF8*$!
{
	archiveVersion = 1;
	classes = {
	};
	objectVersion = 50;
	objects = {

/* Begin PBXBuildFile section */
		D8AFBD2926C95579009DD30D /* MSALSwiftUIApp.swift in Sources */ = {isa = PBXBuildFile; fileRef = D8AFBD1626C95578009DD30D /* MSALSwiftUIApp.swift */; };
		D8AFBD2A26C95579009DD30D /* MSALSwiftUIApp.swift in Sources */ = {isa = PBXBuildFile; fileRef = D8AFBD1626C95578009DD30D /* MSALSwiftUIApp.swift */; };
		D8AFBD2B26C95579009DD30D /* ContentView.swift in Sources */ = {isa = PBXBuildFile; fileRef = D8AFBD1726C95578009DD30D /* ContentView.swift */; };
		D8AFBD2C26C95579009DD30D /* ContentView.swift in Sources */ = {isa = PBXBuildFile; fileRef = D8AFBD1726C95578009DD30D /* ContentView.swift */; };
		D8AFBD2D26C95579009DD30D /* Assets.xcassets in Resources */ = {isa = PBXBuildFile; fileRef = D8AFBD1826C95579009DD30D /* Assets.xcassets */; };
		D8AFBD2E26C95579009DD30D /* Assets.xcassets in Resources */ = {isa = PBXBuildFile; fileRef = D8AFBD1826C95579009DD30D /* Assets.xcassets */; };
/* End PBXBuildFile section */

/* Begin PBXFileReference section */
		D8AFBD1626C95578009DD30D /* MSALSwiftUIApp.swift */ = {isa = PBXFileReference; lastKnownFileType = sourcecode.swift; path = MSALSwiftUIApp.swift; sourceTree = "<group>"; };
		D8AFBD1726C95578009DD30D /* ContentView.swift */ = {isa = PBXFileReference; lastKnownFileType = sourcecode.swift; path = ContentView.swift; sourceTree = "<group>"; };
		D8AFBD1826C95579009DD30D /* Assets.xcassets */ = {isa = PBXFileReference; lastKnownFileType = folder.assetcatalog; path = Assets.xcassets; sourceTree = "<group>"; };
		D8AFBD1D26C95579009DD30D /* MSALSwiftUI.app */ = {isa = PBXFileReference; explicitFileType = wrapper.application; includeInIndex = 0; path = MSALSwiftUI.app; sourceTree = BUILT_PRODUCTS_DIR; };
		D8AFBD2026C95579009DD30D /* Info.plist */ = {isa = PBXFileReference; lastKnownFileType = text.plist.xml; path = Info.plist; sourceTree = "<group>"; };
		D8AFBD2526C95579009DD30D /* MSALSwiftUI.app */ = {isa = PBXFileReference; explicitFileType = wrapper.application; includeInIndex = 0; path = MSALSwiftUI.app; sourceTree = BUILT_PRODUCTS_DIR; };
		D8AFBD2726C95579009DD30D /* Info.plist */ = {isa = PBXFileReference; lastKnownFileType = text.plist.xml; path = Info.plist; sourceTree = "<group>"; };
		D8AFBD2826C95579009DD30D /* macOS.entitlements */ = {isa = PBXFileReference; lastKnownFileType = text.plist.entitlements; path = macOS.entitlements; sourceTree = "<group>"; };
/* End PBXFileReference section */

/* Begin PBXFrameworksBuildPhase section */
		D8AFBD1A26C95579009DD30D /* Frameworks */ = {
			isa = PBXFrameworksBuildPhase;
			buildActionMask = 2147483647;
			files = (
			);
			runOnlyForDeploymentPostprocessing = 0;
		};
		D8AFBD2226C95579009DD30D /* Frameworks */ = {
			isa = PBXFrameworksBuildPhase;
			buildActionMask = 2147483647;
			files = (
			);
			runOnlyForDeploymentPostprocessing = 0;
		};
/* End PBXFrameworksBuildPhase section */

/* Begin PBXGroup section */
		D8AFBD1026C95578009DD30D = {
			isa = PBXGroup;
			children = (
				D8AFBD1526C95578009DD30D /* Shared */,
				D8AFBD1F26C95579009DD30D /* iOS */,
				D8AFBD2626C95579009DD30D /* macOS */,
				D8AFBD1E26C95579009DD30D /* Products */,
			);
			sourceTree = "<group>";
		};
		D8AFBD1526C95578009DD30D /* Shared */ = {
			isa = PBXGroup;
			children = (
				D8AFBD1626C95578009DD30D /* MSALSwiftUIApp.swift */,
				D8AFBD1726C95578009DD30D /* ContentView.swift */,
				D8AFBD1826C95579009DD30D /* Assets.xcassets */,
			);
			path = Shared;
			sourceTree = "<group>";
		};
		D8AFBD1E26C95579009DD30D /* Products */ = {
			isa = PBXGroup;
			children = (
				D8AFBD1D26C95579009DD30D /* MSALSwiftUI.app */,
				D8AFBD2526C95579009DD30D /* MSALSwiftUI.app */,
			);
			name = Products;
			sourceTree = "<group>";
		};
		D8AFBD1F26C95579009DD30D /* iOS */ = {
			isa = PBXGroup;
			children = (
				D8AFBD2026C95579009DD30D /* Info.plist */,
			);
			path = iOS;
			sourceTree = "<group>";
		};
		D8AFBD2626C95579009DD30D /* macOS */ = {
			isa = PBXGroup;
			children = (
				D8AFBD2726C95579009DD30D /* Info.plist */,
				D8AFBD2826C95579009DD30D /* macOS.entitlements */,
			);
			path = macOS;
			sourceTree = "<group>";
		};
/* End PBXGroup section */

/* Begin PBXNativeTarget section */
		D8AFBD1C26C95579009DD30D /* MSALSwiftUI (iOS) */ = {
			isa = PBXNativeTarget;
			buildConfigurationList = D8AFBD3126C95579009DD30D /* Build configuration list for PBXNativeTarget "MSALSwiftUI (iOS)" */;
			buildPhases = (
				D8AFBD1926C95579009DD30D /* Sources */,
				D8AFBD1A26C95579009DD30D /* Frameworks */,
				D8AFBD1B26C95579009DD30D /* Resources */,
			);
			buildRules = (
			);
			dependencies = (
			);
			name = "MSALSwiftUI (iOS)";
			productName = "MSALSwiftUI (iOS)";
			productReference = D8AFBD1D26C95579009DD30D /* MSALSwiftUI.app */;
			productType = "com.apple.product-type.application";
		};
		D8AFBD2426C95579009DD30D /* MSALSwiftUI (macOS) */ = {
			isa = PBXNativeTarget;
			buildConfigurationList = D8AFBD3426C95579009DD30D /* Build configuration list for PBXNativeTarget "MSALSwiftUI (macOS)" */;
			buildPhases = (
				D8AFBD2126C95579009DD30D /* Sources */,
				D8AFBD2226C95579009DD30D /* Frameworks */,
				D8AFBD2326C95579009DD30D /* Resources */,
			);
			buildRules = (
			);
			dependencies = (
			);
			name = "MSALSwiftUI (macOS)";
			productName = "MSALSwiftUI (macOS)";
			productReference = D8AFBD2526C95579009DD30D /* MSALSwiftUI.app */;
			productType = "com.apple.product-type.application";
		};
/* End PBXNativeTarget section */

/* Begin PBXProject section */
		D8AFBD1126C95578009DD30D /* Project object */ = {
			isa = PBXProject;
			attributes = {
				LastSwiftUpdateCheck = 1250;
				LastUpgradeCheck = 1250;
				TargetAttributes = {
					D8AFBD1C26C95579009DD30D = {
						CreatedOnToolsVersion = 12.5.1;
					};
					D8AFBD2426C95579009DD30D = {
						CreatedOnToolsVersion = 12.5.1;
					};
				};
			};
			buildConfigurationList = D8AFBD1426C95578009DD30D /* Build configuration list for PBXProject "MSALSwiftUI" */;
			compatibilityVersion = "Xcode 9.3";
			developmentRegion = en;
			hasScannedForEncodings = 0;
			knownRegions = (
				en,
				Base,
			);
			mainGroup = D8AFBD1026C95578009DD30D;
			productRefGroup = D8AFBD1E26C95579009DD30D /* Products */;
			projectDirPath = "";
			projectRoot = "";
			targets = (
				D8AFBD1C26C95579009DD30D /* MSALSwiftUI (iOS) */,
				D8AFBD2426C95579009DD30D /* MSALSwiftUI (macOS) */,
			);
		};
/* End PBXProject section */

/* Begin PBXResourcesBuildPhase section */
		D8AFBD1B26C95579009DD30D /* Resources */ = {
			isa = PBXResourcesBuildPhase;
			buildActionMask = 2147483647;
			files = (
				D8AFBD2D26C95579009DD30D /* Assets.xcassets in Resources */,
			);
			runOnlyForDeploymentPostprocessing = 0;
		};
		D8AFBD2326C95579009DD30D /* Resources */ = {
			isa = PBXResourcesBuildPhase;
			buildActionMask = 2147483647;
			files = (
				D8AFBD2E26C95579009DD30D /* Assets.xcassets in Resources */,
			);
			runOnlyForDeploymentPostprocessing = 0;
		};
/* End PBXResourcesBuildPhase section */

/* Begin PBXSourcesBuildPhase section */
		D8AFBD1926C95579009DD30D /* Sources */ = {
			isa = PBXSourcesBuildPhase;
			buildActionMask = 2147483647;
			files = (
				D8AFBD2B26C95579009DD30D /* ContentView.swift in Sources */,
				D8AFBD2926C95579009DD30D /* MSALSwiftUIApp.swift in Sources */,
			);
			runOnlyForDeploymentPostprocessing = 0;
		};
		D8AFBD2126C95579009DD30D /* Sources */ = {
			isa = PBXSourcesBuildPhase;
			buildActionMask = 2147483647;
			files = (
				D8AFBD2C26C95579009DD30D /* ContentView.swift in Sources */,
				D8AFBD2A26C95579009DD30D /* MSALSwiftUIApp.swift in Sources */,
			);
			runOnlyForDeploymentPostprocessing = 0;
		};
/* End PBXSourcesBuildPhase section */

/* Begin XCBuildConfiguration section */
		D8AFBD2F26C95579009DD30D /* Debug */ = {
			isa = XCBuildConfiguration;
			buildSettings = {
				ALWAYS_SEARCH_USER_PATHS = NO;
				CLANG_ANALYZER_NONNULL = YES;
				CLANG_ANALYZER_NUMBER_OBJECT_CONVERSION = YES_AGGRESSIVE;
				CLANG_CXX_LANGUAGE_STANDARD = "gnu++14";
				CLANG_CXX_LIBRARY = "libc++";
				CLANG_ENABLE_MODULES = YES;
				CLANG_ENABLE_OBJC_ARC = YES;
				CLANG_ENABLE_OBJC_WEAK = YES;
				CLANG_WARN_BLOCK_CAPTURE_AUTORELEASING = YES;
				CLANG_WARN_BOOL_CONVERSION = YES;
				CLANG_WARN_COMMA = YES;
				CLANG_WARN_CONSTANT_CONVERSION = YES;
				CLANG_WARN_DEPRECATED_OBJC_IMPLEMENTATIONS = YES;
				CLANG_WARN_DIRECT_OBJC_ISA_USAGE = YES_ERROR;
				CLANG_WARN_DOCUMENTATION_COMMENTS = YES;
				CLANG_WARN_EMPTY_BODY = YES;
				CLANG_WARN_ENUM_CONVERSION = YES;
				CLANG_WARN_INFINITE_RECURSION = YES;
				CLANG_WARN_INT_CONVERSION = YES;
				CLANG_WARN_NON_LITERAL_NULL_CONVERSION = YES;
				CLANG_WARN_OBJC_IMPLICIT_RETAIN_SELF = YES;
				CLANG_WARN_OBJC_LITERAL_CONVERSION = YES;
				CLANG_WARN_OBJC_ROOT_CLASS = YES_ERROR;
				CLANG_WARN_QUOTED_INCLUDE_IN_FRAMEWORK_HEADER = YES;
				CLANG_WARN_RANGE_LOOP_ANALYSIS = YES;
				CLANG_WARN_STRICT_PROTOTYPES = YES;
				CLANG_WARN_SUSPICIOUS_MOVE = YES;
				CLANG_WARN_UNGUARDED_AVAILABILITY = YES_AGGRESSIVE;
				CLANG_WARN_UNREACHABLE_CODE = YES;
				CLANG_WARN__DUPLICATE_METHOD_MATCH = YES;
				COPY_PHASE_STRIP = NO;
				DEBUG_INFORMATION_FORMAT = dwarf;
				ENABLE_STRICT_OBJC_MSGSEND = YES;
				ENABLE_TESTABILITY = YES;
				GCC_C_LANGUAGE_STANDARD = gnu11;
				GCC_DYNAMIC_NO_PIC = NO;
				GCC_NO_COMMON_BLOCKS = YES;
				GCC_OPTIMIZATION_LEVEL = 0;
				GCC_PREPROCESSOR_DEFINITIONS = (
					"DEBUG=1",
					"$(inherited)",
				);
				GCC_WARN_64_TO_32_BIT_CONVERSION = YES;
				GCC_WARN_ABOUT_RETURN_TYPE = YES_ERROR;
				GCC_WARN_UNDECLARED_SELECTOR = YES;
				GCC_WARN_UNINITIALIZED_AUTOS = YES_AGGRESSIVE;
				GCC_WARN_UNUSED_FUNCTION = YES;
				GCC_WARN_UNUSED_VARIABLE = YES;
				MTL_ENABLE_DEBUG_INFO = INCLUDE_SOURCE;
				MTL_FAST_MATH = YES;
				ONLY_ACTIVE_ARCH = YES;
				SWIFT_ACTIVE_COMPILATION_CONDITIONS = DEBUG;
				SWIFT_OPTIMIZATION_LEVEL = "-Onone";
			};
			name = Debug;
		};
		D8AFBD3026C95579009DD30D /* Release */ = {
			isa = XCBuildConfiguration;
			buildSettings = {
				ALWAYS_SEARCH_USER_PATHS = NO;
				CLANG_ANALYZER_NONNULL = YES;
				CLANG_ANALYZER_NUMBER_OBJECT_CONVERSION = YES_AGGRESSIVE;
				CLANG_CXX_LANGUAGE_STANDARD = "gnu++14";
				CLANG_CXX_LIBRARY = "libc++";
				CLANG_ENABLE_MODULES = YES;
				CLANG_ENABLE_OBJC_ARC = YES;
				CLANG_ENABLE_OBJC_WEAK = YES;
				CLANG_WARN_BLOCK_CAPTURE_AUTORELEASING = YES;
				CLANG_WARN_BOOL_CONVERSION = YES;
				CLANG_WARN_COMMA = YES;
				CLANG_WARN_CONSTANT_CONVERSION = YES;
				CLANG_WARN_DEPRECATED_OBJC_IMPLEMENTATIONS = YES;
				CLANG_WARN_DIRECT_OBJC_ISA_USAGE = YES_ERROR;
				CLANG_WARN_DOCUMENTATION_COMMENTS = YES;
				CLANG_WARN_EMPTY_BODY = YES;
				CLANG_WARN_ENUM_CONVERSION = YES;
				CLANG_WARN_INFINITE_RECURSION = YES;
				CLANG_WARN_INT_CONVERSION = YES;
				CLANG_WARN_NON_LITERAL_NULL_CONVERSION = YES;
				CLANG_WARN_OBJC_IMPLICIT_RETAIN_SELF = YES;
				CLANG_WARN_OBJC_LITERAL_CONVERSION = YES;
				CLANG_WARN_OBJC_ROOT_CLASS = YES_ERROR;
				CLANG_WARN_QUOTED_INCLUDE_IN_FRAMEWORK_HEADER = YES;
				CLANG_WARN_RANGE_LOOP_ANALYSIS = YES;
				CLANG_WARN_STRICT_PROTOTYPES = YES;
				CLANG_WARN_SUSPICIOUS_MOVE = YES;
				CLANG_WARN_UNGUARDED_AVAILABILITY = YES_AGGRESSIVE;
				CLANG_WARN_UNREACHABLE_CODE = YES;
				CLANG_WARN__DUPLICATE_METHOD_MATCH = YES;
				COPY_PHASE_STRIP = NO;
				DEBUG_INFORMATION_FORMAT = "dwarf-with-dsym";
				ENABLE_NS_ASSERTIONS = NO;
				ENABLE_STRICT_OBJC_MSGSEND = YES;
				GCC_C_LANGUAGE_STANDARD = gnu11;
				GCC_NO_COMMON_BLOCKS = YES;
				GCC_WARN_64_TO_32_BIT_CONVERSION = YES;
				GCC_WARN_ABOUT_RETURN_TYPE = YES_ERROR;
				GCC_WARN_UNDECLARED_SELECTOR = YES;
				GCC_WARN_UNINITIALIZED_AUTOS = YES_AGGRESSIVE;
				GCC_WARN_UNUSED_FUNCTION = YES;
				GCC_WARN_UNUSED_VARIABLE = YES;
				MTL_ENABLE_DEBUG_INFO = NO;
				MTL_FAST_MATH = YES;
				SWIFT_COMPILATION_MODE = wholemodule;
				SWIFT_OPTIMIZATION_LEVEL = "-O";
			};
			name = Release;
		};
		D8AFBD3226C95579009DD30D /* Debug */ = {
			isa = XCBuildConfiguration;
			buildSettings = {
				ASSETCATALOG_COMPILER_APPICON_NAME = AppIcon;
				ASSETCATALOG_COMPILER_GLOBAL_ACCENT_COLOR_NAME = AccentColor;
				CODE_SIGN_STYLE = Automatic;
				ENABLE_PREVIEWS = YES;
				INFOPLIST_FILE = iOS/Info.plist;
				IPHONEOS_DEPLOYMENT_TARGET = 14.0;
				LD_RUNPATH_SEARCH_PATHS = (
					"$(inherited)",
					"@executable_path/Frameworks",
				);
				PRODUCT_BUNDLE_IDENTIFIER = com.microsoft.identitysample.MSALiOS.MSALSwiftUI;
				PRODUCT_NAME = MSALSwiftUI;
				SDKROOT = iphoneos;
				SWIFT_VERSION = 5.0;
				TARGETED_DEVICE_FAMILY = "1,2";
			};
			name = Debug;
		};
		D8AFBD3326C95579009DD30D /* Release */ = {
			isa = XCBuildConfiguration;
			buildSettings = {
				ASSETCATALOG_COMPILER_APPICON_NAME = AppIcon;
				ASSETCATALOG_COMPILER_GLOBAL_ACCENT_COLOR_NAME = AccentColor;
				CODE_SIGN_STYLE = Automatic;
				ENABLE_PREVIEWS = YES;
				INFOPLIST_FILE = iOS/Info.plist;
				IPHONEOS_DEPLOYMENT_TARGET = 14.0;
				LD_RUNPATH_SEARCH_PATHS = (
					"$(inherited)",
					"@executable_path/Frameworks",
				);
				PRODUCT_BUNDLE_IDENTIFIER = com.microsoft.identitysample.MSALiOS.MSALSwiftUI;
				PRODUCT_NAME = MSALSwiftUI;
				SDKROOT = iphoneos;
				SWIFT_VERSION = 5.0;
				TARGETED_DEVICE_FAMILY = "1,2";
				VALIDATE_PRODUCT = YES;
			};
			name = Release;
		};
		D8AFBD3526C95579009DD30D /* Debug */ = {
			isa = XCBuildConfiguration;
			buildSettings = {
				ASSETCATALOG_COMPILER_APPICON_NAME = AppIcon;
				ASSETCATALOG_COMPILER_GLOBAL_ACCENT_COLOR_NAME = AccentColor;
				CODE_SIGN_ENTITLEMENTS = macOS/macOS.entitlements;
				CODE_SIGN_STYLE = Automatic;
				COMBINE_HIDPI_IMAGES = YES;
				ENABLE_PREVIEWS = YES;
				INFOPLIST_FILE = macOS/Info.plist;
				LD_RUNPATH_SEARCH_PATHS = (
					"$(inherited)",
					"@executable_path/../Frameworks",
				);
				MACOSX_DEPLOYMENT_TARGET = 11.0;
				PRODUCT_BUNDLE_IDENTIFIER = com.microsoft.identitysample.MSALiOS.MSALSwiftUI;
				PRODUCT_NAME = MSALSwiftUI;
				SDKROOT = macosx;
				SWIFT_VERSION = 5.0;
			};
			name = Debug;
		};
		D8AFBD3626C95579009DD30D /* Release */ = {
			isa = XCBuildConfiguration;
			buildSettings = {
				ASSETCATALOG_COMPILER_APPICON_NAME = AppIcon;
				ASSETCATALOG_COMPILER_GLOBAL_ACCENT_COLOR_NAME = AccentColor;
				CODE_SIGN_ENTITLEMENTS = macOS/macOS.entitlements;
				CODE_SIGN_STYLE = Automatic;
				COMBINE_HIDPI_IMAGES = YES;
				ENABLE_PREVIEWS = YES;
				INFOPLIST_FILE = macOS/Info.plist;
				LD_RUNPATH_SEARCH_PATHS = (
					"$(inherited)",
					"@executable_path/../Frameworks",
				);
				MACOSX_DEPLOYMENT_TARGET = 11.0;
				PRODUCT_BUNDLE_IDENTIFIER = com.microsoft.identitysample.MSALiOS.MSALSwiftUI;
				PRODUCT_NAME = MSALSwiftUI;
				SDKROOT = macosx;
				SWIFT_VERSION = 5.0;
			};
			name = Release;
		};
/* End XCBuildConfiguration section */

/* Begin XCConfigurationList section */
		D8AFBD1426C95578009DD30D /* Build configuration list for PBXProject "MSALSwiftUI" */ = {
			isa = XCConfigurationList;
			buildConfigurations = (
				D8AFBD2F26C95579009DD30D /* Debug */,
				D8AFBD3026C95579009DD30D /* Release */,
			);
			defaultConfigurationIsVisible = 0;
			defaultConfigurationName = Release;
		};
		D8AFBD3126C95579009DD30D /* Build configuration list for PBXNativeTarget "MSALSwiftUI (iOS)" */ = {
			isa = XCConfigurationList;
			buildConfigurations = (
				D8AFBD3226C95579009DD30D /* Debug */,
				D8AFBD3326C95579009DD30D /* Release */,
			);
			defaultConfigurationIsVisible = 0;
			defaultConfigurationName = Release;
		};
		D8AFBD3426C95579009DD30D /* Build configuration list for PBXNativeTarget "MSALSwiftUI (macOS)" */ = {
			isa = XCConfigurationList;
			buildConfigurations = (
				D8AFBD3526C95579009DD30D /* Debug */,
				D8AFBD3626C95579009DD30D /* Release */,
			);
			defaultConfigurationIsVisible = 0;
			defaultConfigurationName = Release;
		};
/* End XCConfigurationList section */
	};
	rootObject = D8AFBD1126C95578009DD30D /* Project object */;
}
