// !$*UTF8*$!
{
	archiveVersion = 1;
	classes = {
	};
	objectVersion = 52;
	objects = {

/* Begin PBXBuildFile section */
		D8A5AFED27A844B600B59997 /* MSAuthProxy.swift in Sources */ = {isa = PBXBuildFile; fileRef = D8A5AFEC27A844B600B59997 /* MSAuthProxy.swift */; };
		D8A5AFEE27A844B600B59997 /* MSAuthProxy.swift in Sources */ = {isa = PBXBuildFile; fileRef = D8A5AFEC27A844B600B59997 /* MSAuthProxy.swift */; };
		D8A5AFF027A84AB400B59997 /* UIApplication+TopViewController.swift in Sources */ = {isa = PBXBuildFile; fileRef = D8A5AFEF27A84AB400B59997 /* UIApplication+TopViewController.swift */; };
		D8A5AFF127A84AB400B59997 /* UIApplication+TopViewController.swift in Sources */ = {isa = PBXBuildFile; fileRef = D8A5AFEF27A84AB400B59997 /* UIApplication+TopViewController.swift */; };
		D8A5AFF327A84ADF00B59997 /* Logger+Categories.swift in Sources */ = {isa = PBXBuildFile; fileRef = D8A5AFF227A84ADF00B59997 /* Logger+Categories.swift */; };
		D8A5AFF427A84ADF00B59997 /* Logger+Categories.swift in Sources */ = {isa = PBXBuildFile; fileRef = D8A5AFF227A84ADF00B59997 /* Logger+Categories.swift */; };
		D8AFBD2926C95579009DD30D /* MSALApp.swift in Sources */ = {isa = PBXBuildFile; fileRef = D8AFBD1626C95578009DD30D /* MSALApp.swift */; };
		D8AFBD2A26C95579009DD30D /* MSALApp.swift in Sources */ = {isa = PBXBuildFile; fileRef = D8AFBD1626C95578009DD30D /* MSALApp.swift */; };
		D8AFBD2B26C95579009DD30D /* AuthView.swift in Sources */ = {isa = PBXBuildFile; fileRef = D8AFBD1726C95578009DD30D /* AuthView.swift */; };
		D8AFBD2C26C95579009DD30D /* AuthView.swift in Sources */ = {isa = PBXBuildFile; fileRef = D8AFBD1726C95578009DD30D /* AuthView.swift */; };
		D8AFBD2D26C95579009DD30D /* Assets.xcassets in Resources */ = {isa = PBXBuildFile; fileRef = D8AFBD1826C95579009DD30D /* Assets.xcassets */; };
		D8AFBD2E26C95579009DD30D /* Assets.xcassets in Resources */ = {isa = PBXBuildFile; fileRef = D8AFBD1826C95579009DD30D /* Assets.xcassets */; };
		D8AFBD3926C956AE009DD30D /* MSAL in Frameworks */ = {isa = PBXBuildFile; productRef = D8AFBD3826C956AE009DD30D /* MSAL */; };
		D8AFBD3F26C95728009DD30D /* MSAuthAdapter.swift in Sources */ = {isa = PBXBuildFile; fileRef = D8AFBD3B26C95728009DD30D /* MSAuthAdapter.swift */; };
		D8AFBD4026C95728009DD30D /* MSAuthAdapter.swift in Sources */ = {isa = PBXBuildFile; fileRef = D8AFBD3B26C95728009DD30D /* MSAuthAdapter.swift */; };
		D8AFBD4126C95728009DD30D /* MSAuthState.swift in Sources */ = {isa = PBXBuildFile; fileRef = D8AFBD3C26C95728009DD30D /* MSAuthState.swift */; };
		D8AFBD4226C95728009DD30D /* MSAuthState.swift in Sources */ = {isa = PBXBuildFile; fileRef = D8AFBD3C26C95728009DD30D /* MSAuthState.swift */; };
		D8AFBD4426C95738009DD30D /* MSAuthCredentials.swift in Sources */ = {isa = PBXBuildFile; fileRef = D8AFBD4326C95738009DD30D /* MSAuthCredentials.swift */; };
		D8AFBD4526C95738009DD30D /* MSAuthCredentials.swift in Sources */ = {isa = PBXBuildFile; fileRef = D8AFBD4326C95738009DD30D /* MSAuthCredentials.swift */; };
		D8AFBD4926C959DE009DD30D /* Resolver in Frameworks */ = {isa = PBXBuildFile; productRef = D8AFBD4826C959DE009DD30D /* Resolver */; };
		D8AFBD4B26C95A14009DD30D /* AppResolver.swift in Sources */ = {isa = PBXBuildFile; fileRef = D8AFBD4A26C95A14009DD30D /* AppResolver.swift */; };
		D8AFBD4C26C95A14009DD30D /* AppResolver.swift in Sources */ = {isa = PBXBuildFile; fileRef = D8AFBD4A26C95A14009DD30D /* AppResolver.swift */; };
/* End PBXBuildFile section */

/* Begin PBXFileReference section */
		D8A5AFEC27A844B600B59997 /* MSAuthProxy.swift */ = {isa = PBXFileReference; fileEncoding = 4; lastKnownFileType = sourcecode.swift; path = MSAuthProxy.swift; sourceTree = "<group>"; };
		D8A5AFEF27A84AB400B59997 /* UIApplication+TopViewController.swift */ = {isa = PBXFileReference; lastKnownFileType = sourcecode.swift; path = "UIApplication+TopViewController.swift"; sourceTree = "<group>"; };
		D8A5AFF227A84ADF00B59997 /* Logger+Categories.swift */ = {isa = PBXFileReference; lastKnownFileType = sourcecode.swift; path = "Logger+Categories.swift"; sourceTree = "<group>"; };
		D8AFBD1626C95578009DD30D /* MSALApp.swift */ = {isa = PBXFileReference; lastKnownFileType = sourcecode.swift; path = MSALApp.swift; sourceTree = "<group>"; };
		D8AFBD1726C95578009DD30D /* AuthView.swift */ = {isa = PBXFileReference; lastKnownFileType = sourcecode.swift; path = AuthView.swift; sourceTree = "<group>"; };
		D8AFBD1826C95579009DD30D /* Assets.xcassets */ = {isa = PBXFileReference; lastKnownFileType = folder.assetcatalog; path = Assets.xcassets; sourceTree = "<group>"; };
		D8AFBD1D26C95579009DD30D /* MSALSwiftUI.app */ = {isa = PBXFileReference; explicitFileType = wrapper.application; includeInIndex = 0; path = MSALSwiftUI.app; sourceTree = BUILT_PRODUCTS_DIR; };
		D8AFBD2026C95579009DD30D /* Info.plist */ = {isa = PBXFileReference; lastKnownFileType = text.plist.xml; path = Info.plist; sourceTree = "<group>"; };
		D8AFBD2526C95579009DD30D /* MSALSwiftUI.app */ = {isa = PBXFileReference; explicitFileType = wrapper.application; includeInIndex = 0; path = MSALSwiftUI.app; sourceTree = BUILT_PRODUCTS_DIR; };
		D8AFBD2726C95579009DD30D /* Info.plist */ = {isa = PBXFileReference; lastKnownFileType = text.plist.xml; path = Info.plist; sourceTree = "<group>"; };
		D8AFBD2826C95579009DD30D /* macOS.entitlements */ = {isa = PBXFileReference; lastKnownFileType = text.plist.entitlements; path = macOS.entitlements; sourceTree = "<group>"; };
		D8AFBD3B26C95728009DD30D /* MSAuthAdapter.swift */ = {isa = PBXFileReference; fileEncoding = 4; lastKnownFileType = sourcecode.swift; path = MSAuthAdapter.swift; sourceTree = "<group>"; };
		D8AFBD3C26C95728009DD30D /* MSAuthState.swift */ = {isa = PBXFileReference; fileEncoding = 4; lastKnownFileType = sourcecode.swift; path = MSAuthState.swift; sourceTree = "<group>"; };
		D8AFBD4326C95738009DD30D /* MSAuthCredentials.swift */ = {isa = PBXFileReference; fileEncoding = 4; lastKnownFileType = sourcecode.swift; path = MSAuthCredentials.swift; sourceTree = "<group>"; };
		D8AFBD4626C95909009DD30D /* MSALSwiftUI.entitlements */ = {isa = PBXFileReference; lastKnownFileType = text.plist.entitlements; path = MSALSwiftUI.entitlements; sourceTree = "<group>"; };
		D8AFBD4A26C95A14009DD30D /* AppResolver.swift */ = {isa = PBXFileReference; fileEncoding = 4; lastKnownFileType = sourcecode.swift; path = AppResolver.swift; sourceTree = "<group>"; };
/* End PBXFileReference section */

/* Begin PBXFrameworksBuildPhase section */
		D8AFBD1A26C95579009DD30D /* Frameworks */ = {
			isa = PBXFrameworksBuildPhase;
			buildActionMask = 2147483647;
			files = (
				D8AFBD4926C959DE009DD30D /* Resolver in Frameworks */,
				D8AFBD3926C956AE009DD30D /* MSAL in Frameworks */,
			);
			runOnlyForDeploymentPostprocessing = 0;
		};
		D8AFBD2226C95579009DD30D /* Frameworks */ = {
			isa = PBXFrameworksBuildPhase;
			buildActionMask = 2147483647;
			files = (
			);
			runOnlyForDeploymentPostprocessing = 0;
		};
/* End PBXFrameworksBuildPhase section */

/* Begin PBXGroup section */
		D8AFBD1026C95578009DD30D = {
			isa = PBXGroup;
			children = (
				D8AFBD4626C95909009DD30D /* MSALSwiftUI.entitlements */,
				D8AFBD1526C95578009DD30D /* Shared */,
				D8AFBD1F26C95579009DD30D /* iOS */,
				D8AFBD2626C95579009DD30D /* macOS */,
				D8AFBD1E26C95579009DD30D /* Products */,
			);
			sourceTree = "<group>";
		};
		D8AFBD1526C95578009DD30D /* Shared */ = {
			isa = PBXGroup;
			children = (
				D8AFBD1626C95578009DD30D /* MSALApp.swift */,
				D8AFBD1726C95578009DD30D /* AuthView.swift */,
				D8AFBD3B26C95728009DD30D /* MSAuthAdapter.swift */,
				D8A5AFEC27A844B600B59997 /* MSAuthProxy.swift */,
				D8AFBD3C26C95728009DD30D /* MSAuthState.swift */,
				D8AFBD4326C95738009DD30D /* MSAuthCredentials.swift */,
				D8AFBD4A26C95A14009DD30D /* AppResolver.swift */,
				D8A5AFEF27A84AB400B59997 /* UIApplication+TopViewController.swift */,
				D8A5AFF227A84ADF00B59997 /* Logger+Categories.swift */,
				D8AFBD1826C95579009DD30D /* Assets.xcassets */,
			);
			path = Shared;
			sourceTree = "<group>";
		};
		D8AFBD1E26C95579009DD30D /* Products */ = {
			isa = PBXGroup;
			children = (
				D8AFBD1D26C95579009DD30D /* MSALSwiftUI.app */,
				D8AFBD2526C95579009DD30D /* MSALSwiftUI.app */,
			);
			name = Products;
			sourceTree = "<group>";
		};
		D8AFBD1F26C95579009DD30D /* iOS */ = {
			isa = PBXGroup;
			children = (
				D8AFBD2026C95579009DD30D /* Info.plist */,
			);
			path = iOS;
			sourceTree = "<group>";
		};
		D8AFBD2626C95579009DD30D /* macOS */ = {
			isa = PBXGroup;
			children = (
				D8AFBD2726C95579009DD30D /* Info.plist */,
				D8AFBD2826C95579009DD30D /* macOS.entitlements */,
			);
			path = macOS;
			sourceTree = "<group>";
		};
/* End PBXGroup section */

/* Begin PBXNativeTarget section */
		D8AFBD1C26C95579009DD30D /* MSALSwiftUI (iOS) */ = {
			isa = PBXNativeTarget;
			buildConfigurationList = D8AFBD3126C95579009DD30D /* Build configuration list for PBXNativeTarget "MSALSwiftUI (iOS)" */;
			buildPhases = (
				D8AFBD1926C95579009DD30D /* Sources */,
				D8AFBD1A26C95579009DD30D /* Frameworks */,
				D8AFBD1B26C95579009DD30D /* Resources */,
			);
			buildRules = (
			);
			dependencies = (
			);
			name = "MSALSwiftUI (iOS)";
			packageProductDependencies = (
				D8AFBD3826C956AE009DD30D /* MSAL */,
				D8AFBD4826C959DE009DD30D /* Resolver */,
			);
			productName = "MSALSwiftUI (iOS)";
			productReference = D8AFBD1D26C95579009DD30D /* MSALSwiftUI.app */;
			productType = "com.apple.product-type.application";
		};
		D8AFBD2426C95579009DD30D /* MSALSwiftUI (macOS) */ = {
			isa = PBXNativeTarget;
			buildConfigurationList = D8AFBD3426C95579009DD30D /* Build configuration list for PBXNativeTarget "MSALSwiftUI (macOS)" */;
			buildPhases = (
				D8AFBD2126C95579009DD30D /* Sources */,
				D8AFBD2226C95579009DD30D /* Frameworks */,
				D8AFBD2326C95579009DD30D /* Resources */,
			);
			buildRules = (
			);
			dependencies = (
			);
			name = "MSALSwiftUI (macOS)";
			productName = "MSALSwiftUI (macOS)";
			productReference = D8AFBD2526C95579009DD30D /* MSALSwiftUI.app */;
			productType = "com.apple.product-type.application";
		};
/* End PBXNativeTarget section */

/* Begin PBXProject section */
		D8AFBD1126C95578009DD30D /* Project object */ = {
			isa = PBXProject;
			attributes = {
				LastSwiftUpdateCheck = 1250;
				LastUpgradeCheck = 1250;
				TargetAttributes = {
					D8AFBD1C26C95579009DD30D = {
						CreatedOnToolsVersion = 12.5.1;
					};
					D8AFBD2426C95579009DD30D = {
						CreatedOnToolsVersion = 12.5.1;
					};
				};
			};
			buildConfigurationList = D8AFBD1426C95578009DD30D /* Build configuration list for PBXProject "MSALSwiftUI" */;
			compatibilityVersion = "Xcode 9.3";
			developmentRegion = en;
			hasScannedForEncodings = 0;
			knownRegions = (
				en,
				Base,
			);
			mainGroup = D8AFBD1026C95578009DD30D;
			packageReferences = (
				D8AFBD3726C956AE009DD30D /* XCRemoteSwiftPackageReference "microsoft-authentication-library-for-objc" */,
				D8AFBD4726C959DE009DD30D /* XCRemoteSwiftPackageReference "Resolver" */,
			);
			productRefGroup = D8AFBD1E26C95579009DD30D /* Products */;
			projectDirPath = "";
			projectRoot = "";
			targets = (
				D8AFBD1C26C95579009DD30D /* MSALSwiftUI (iOS) */,
				D8AFBD2426C95579009DD30D /* MSALSwiftUI (macOS) */,
			);
		};
/* End PBXProject section */

/* Begin PBXResourcesBuildPhase section */
		D8AFBD1B26C95579009DD30D /* Resources */ = {
			isa = PBXResourcesBuildPhase;
			buildActionMask = 2147483647;
			files = (
				D8AFBD2D26C95579009DD30D /* Assets.xcassets in Resources */,
			);
			runOnlyForDeploymentPostprocessing = 0;
		};
		D8AFBD2326C95579009DD30D /* Resources */ = {
			isa = PBXResourcesBuildPhase;
			buildActionMask = 2147483647;
			files = (
				D8AFBD2E26C95579009DD30D /* Assets.xcassets in Resources */,
			);
			runOnlyForDeploymentPostprocessing = 0;
		};
/* End PBXResourcesBuildPhase section */

/* Begin PBXSourcesBuildPhase section */
		D8AFBD1926C95579009DD30D /* Sources */ = {
			isa = PBXSourcesBuildPhase;
			buildActionMask = 2147483647;
			files = (
				D8AFBD4126C95728009DD30D /* MSAuthState.swift in Sources */,
				D8A5AFED27A844B600B59997 /* MSAuthProxy.swift in Sources */,
				D8AFBD2B26C95579009DD30D /* AuthView.swift in Sources */,
				D8AFBD3F26C95728009DD30D /* MSAuthAdapter.swift in Sources */,
				D8AFBD4B26C95A14009DD30D /* AppResolver.swift in Sources */,
				D8AFBD4426C95738009DD30D /* MSAuthCredentials.swift in Sources */,
				D8AFBD2926C95579009DD30D /* MSALApp.swift in Sources */,
				D8A5AFF027A84AB400B59997 /* UIApplication+TopViewController.swift in Sources */,
				D8A5AFF327A84ADF00B59997 /* Logger+Categories.swift in Sources */,
			);
			runOnlyForDeploymentPostprocessing = 0;
		};
		D8AFBD2126C95579009DD30D /* Sources */ = {
			isa = PBXSourcesBuildPhase;
			buildActionMask = 2147483647;
			files = (
				D8AFBD4226C95728009DD30D /* MSAuthState.swift in Sources */,
				D8A5AFEE27A844B600B59997 /* MSAuthProxy.swift in Sources */,
				D8AFBD2C26C95579009DD30D /* AuthView.swift in Sources */,
				D8AFBD4026C95728009DD30D /* MSAuthAdapter.swift in Sources */,
				D8AFBD4C26C95A14009DD30D /* AppResolver.swift in Sources */,
				D8AFBD4526C95738009DD30D /* MSAuthCredentials.swift in Sources */,
				D8AFBD2A26C95579009DD30D /* MSALApp.swift in Sources */,
				D8A5AFF127A84AB400B59997 /* UIApplication+TopViewController.swift in Sources */,
				D8A5AFF427A84ADF00B59997 /* Logger+Categories.swift in Sources */,
			);
			runOnlyForDeploymentPostprocessing = 0;
		};
/* End PBXSourcesBuildPhase section */

/* Begin XCBuildConfiguration section */
		D8AFBD2F26C95579009DD30D /* Debug */ = {
			isa = XCBuildConfiguration;
			buildSettings = {
				ALWAYS_SEARCH_USER_PATHS = NO;
				CLANG_ANALYZER_NONNULL = YES;
				CLANG_ANALYZER_NUMBER_OBJECT_CONVERSION = YES_AGGRESSIVE;
				CLANG_CXX_LANGUAGE_STANDARD = "gnu++14";
				CLANG_CXX_LIBRARY = "libc++";
				CLANG_ENABLE_MODULES = YES;
				CLANG_ENABLE_OBJC_ARC = YES;
				CLANG_ENABLE_OBJC_WEAK = YES;
				CLANG_WARN_BLOCK_CAPTURE_AUTORELEASING = YES;
				CLANG_WARN_BOOL_CONVERSION = YES;
				CLANG_WARN_COMMA = YES;
				CLANG_WARN_CONSTANT_CONVERSION = YES;
				CLANG_WARN_DEPRECATED_OBJC_IMPLEMENTATIONS = YES;
				CLANG_WARN_DIRECT_OBJC_ISA_USAGE = YES_ERROR;
				CLANG_WARN_DOCUMENTATION_COMMENTS = YES;
				CLANG_WARN_EMPTY_BODY = YES;
				CLANG_WARN_ENUM_CONVERSION = YES;
				CLANG_WARN_INFINITE_RECURSION = YES;
				CLANG_WARN_INT_CONVERSION = YES;
				CLANG_WARN_NON_LITERAL_NULL_CONVERSION = YES;
				CLANG_WARN_OBJC_IMPLICIT_RETAIN_SELF = YES;
				CLANG_WARN_OBJC_LITERAL_CONVERSION = YES;
				CLANG_WARN_OBJC_ROOT_CLASS = YES_ERROR;
				CLANG_WARN_QUOTED_INCLUDE_IN_FRAMEWORK_HEADER = YES;
				CLANG_WARN_RANGE_LOOP_ANALYSIS = YES;
				CLANG_WARN_STRICT_PROTOTYPES = YES;
				CLANG_WARN_SUSPICIOUS_MOVE = YES;
				CLANG_WARN_UNGUARDED_AVAILABILITY = YES_AGGRESSIVE;
				CLANG_WARN_UNREACHABLE_CODE = YES;
				CLANG_WARN__DUPLICATE_METHOD_MATCH = YES;
				COPY_PHASE_STRIP = NO;
				DEBUG_INFORMATION_FORMAT = dwarf;
				ENABLE_STRICT_OBJC_MSGSEND = YES;
				ENABLE_TESTABILITY = YES;
				GCC_C_LANGUAGE_STANDARD = gnu11;
				GCC_DYNAMIC_NO_PIC = NO;
				GCC_NO_COMMON_BLOCKS = YES;
				GCC_OPTIMIZATION_LEVEL = 0;
				GCC_PREPROCESSOR_DEFINITIONS = (
					"DEBUG=1",
					"$(inherited)",
				);
				GCC_WARN_64_TO_32_BIT_CONVERSION = YES;
				GCC_WARN_ABOUT_RETURN_TYPE = YES_ERROR;
				GCC_WARN_UNDECLARED_SELECTOR = YES;
				GCC_WARN_UNINITIALIZED_AUTOS = YES_AGGRESSIVE;
				GCC_WARN_UNUSED_FUNCTION = YES;
				GCC_WARN_UNUSED_VARIABLE = YES;
				MTL_ENABLE_DEBUG_INFO = INCLUDE_SOURCE;
				MTL_FAST_MATH = YES;
				ONLY_ACTIVE_ARCH = YES;
				SWIFT_ACTIVE_COMPILATION_CONDITIONS = DEBUG;
				SWIFT_OPTIMIZATION_LEVEL = "-Onone";
			};
			name = Debug;
		};
		D8AFBD3026C95579009DD30D /* Release */ = {
			isa = XCBuildConfiguration;
			buildSettings = {
				ALWAYS_SEARCH_USER_PATHS = NO;
				CLANG_ANALYZER_NONNULL = YES;
				CLANG_ANALYZER_NUMBER_OBJECT_CONVERSION = YES_AGGRESSIVE;
				CLANG_CXX_LANGUAGE_STANDARD = "gnu++14";
				CLANG_CXX_LIBRARY = "libc++";
				CLANG_ENABLE_MODULES = YES;
				CLANG_ENABLE_OBJC_ARC = YES;
				CLANG_ENABLE_OBJC_WEAK = YES;
				CLANG_WARN_BLOCK_CAPTURE_AUTORELEASING = YES;
				CLANG_WARN_BOOL_CONVERSION = YES;
				CLANG_WARN_COMMA = YES;
				CLANG_WARN_CONSTANT_CONVERSION = YES;
				CLANG_WARN_DEPRECATED_OBJC_IMPLEMENTATIONS = YES;
				CLANG_WARN_DIRECT_OBJC_ISA_USAGE = YES_ERROR;
				CLANG_WARN_DOCUMENTATION_COMMENTS = YES;
				CLANG_WARN_EMPTY_BODY = YES;
				CLANG_WARN_ENUM_CONVERSION = YES;
				CLANG_WARN_INFINITE_RECURSION = YES;
				CLANG_WARN_INT_CONVERSION = YES;
				CLANG_WARN_NON_LITERAL_NULL_CONVERSION = YES;
				CLANG_WARN_OBJC_IMPLICIT_RETAIN_SELF = YES;
				CLANG_WARN_OBJC_LITERAL_CONVERSION = YES;
				CLANG_WARN_OBJC_ROOT_CLASS = YES_ERROR;
				CLANG_WARN_QUOTED_INCLUDE_IN_FRAMEWORK_HEADER = YES;
				CLANG_WARN_RANGE_LOOP_ANALYSIS = YES;
				CLANG_WARN_STRICT_PROTOTYPES = YES;
				CLANG_WARN_SUSPICIOUS_MOVE = YES;
				CLANG_WARN_UNGUARDED_AVAILABILITY = YES_AGGRESSIVE;
				CLANG_WARN_UNREACHABLE_CODE = YES;
				CLANG_WARN__DUPLICATE_METHOD_MATCH = YES;
				COPY_PHASE_STRIP = NO;
				DEBUG_INFORMATION_FORMAT = "dwarf-with-dsym";
				ENABLE_NS_ASSERTIONS = NO;
				ENABLE_STRICT_OBJC_MSGSEND = YES;
				GCC_C_LANGUAGE_STANDARD = gnu11;
				GCC_NO_COMMON_BLOCKS = YES;
				GCC_WARN_64_TO_32_BIT_CONVERSION = YES;
				GCC_WARN_ABOUT_RETURN_TYPE = YES_ERROR;
				GCC_WARN_UNDECLARED_SELECTOR = YES;
				GCC_WARN_UNINITIALIZED_AUTOS = YES_AGGRESSIVE;
				GCC_WARN_UNUSED_FUNCTION = YES;
				GCC_WARN_UNUSED_VARIABLE = YES;
				MTL_ENABLE_DEBUG_INFO = NO;
				MTL_FAST_MATH = YES;
				SWIFT_COMPILATION_MODE = wholemodule;
				SWIFT_OPTIMIZATION_LEVEL = "-O";
			};
			name = Release;
		};
		D8AFBD3226C95579009DD30D /* Debug */ = {
			isa = XCBuildConfiguration;
			buildSettings = {
				ASSETCATALOG_COMPILER_APPICON_NAME = AppIcon;
				ASSETCATALOG_COMPILER_GLOBAL_ACCENT_COLOR_NAME = AccentColor;
				CODE_SIGN_ENTITLEMENTS = MSALSwiftUI.entitlements;
				CODE_SIGN_STYLE = Automatic;
				ENABLE_PREVIEWS = YES;
				INFOPLIST_FILE = iOS/Info.plist;
				IPHONEOS_DEPLOYMENT_TARGET = 14.0;
				LD_RUNPATH_SEARCH_PATHS = (
					"$(inherited)",
					"@executable_path/Frameworks",
				);
				PRODUCT_BUNDLE_IDENTIFIER = com.microsoft.identitysample.MSALiOS;
				PRODUCT_NAME = MSALSwiftUI;
				SDKROOT = iphoneos;
				SWIFT_VERSION = 5.0;
				TARGETED_DEVICE_FAMILY = "1,2";
			};
			name = Debug;
		};
		D8AFBD3326C95579009DD30D /* Release */ = {
			isa = XCBuildConfiguration;
			buildSettings = {
				ASSETCATALOG_COMPILER_APPICON_NAME = AppIcon;
				ASSETCATALOG_COMPILER_GLOBAL_ACCENT_COLOR_NAME = AccentColor;
				CODE_SIGN_ENTITLEMENTS = MSALSwiftUI.entitlements;
				CODE_SIGN_STYLE = Automatic;
				ENABLE_PREVIEWS = YES;
				INFOPLIST_FILE = iOS/Info.plist;
				IPHONEOS_DEPLOYMENT_TARGET = 14.0;
				LD_RUNPATH_SEARCH_PATHS = (
					"$(inherited)",
					"@executable_path/Frameworks",
				);
				PRODUCT_BUNDLE_IDENTIFIER = com.microsoft.identitysample.MSALiOS;
				PRODUCT_NAME = MSALSwiftUI;
				SDKROOT = iphoneos;
				SWIFT_VERSION = 5.0;
				TARGETED_DEVICE_FAMILY = "1,2";
				VALIDATE_PRODUCT = YES;
			};
			name = Release;
		};
		D8AFBD3526C95579009DD30D /* Debug */ = {
			isa = XCBuildConfiguration;
			buildSettings = {
				ASSETCATALOG_COMPILER_APPICON_NAME = AppIcon;
				ASSETCATALOG_COMPILER_GLOBAL_ACCENT_COLOR_NAME = AccentColor;
				CODE_SIGN_ENTITLEMENTS = macOS/macOS.entitlements;
				CODE_SIGN_STYLE = Automatic;
				COMBINE_HIDPI_IMAGES = YES;
				ENABLE_PREVIEWS = YES;
				INFOPLIST_FILE = macOS/Info.plist;
				LD_RUNPATH_SEARCH_PATHS = (
					"$(inherited)",
					"@executable_path/../Frameworks",
				);
				MACOSX_DEPLOYMENT_TARGET = 11.0;
				PRODUCT_BUNDLE_IDENTIFIER = com.microsoft.identitysample.MSALiOS;
				PRODUCT_NAME = MSALSwiftUI;
				SDKROOT = macosx;
				SWIFT_VERSION = 5.0;
			};
			name = Debug;
		};
		D8AFBD3626C95579009DD30D /* Release */ = {
			isa = XCBuildConfiguration;
			buildSettings = {
				ASSETCATALOG_COMPILER_APPICON_NAME = AppIcon;
				ASSETCATALOG_COMPILER_GLOBAL_ACCENT_COLOR_NAME = AccentColor;
				CODE_SIGN_ENTITLEMENTS = macOS/macOS.entitlements;
				CODE_SIGN_STYLE = Automatic;
				COMBINE_HIDPI_IMAGES = YES;
				ENABLE_PREVIEWS = YES;
				INFOPLIST_FILE = macOS/Info.plist;
				LD_RUNPATH_SEARCH_PATHS = (
					"$(inherited)",
					"@executable_path/../Frameworks",
				);
				MACOSX_DEPLOYMENT_TARGET = 11.0;
				PRODUCT_BUNDLE_IDENTIFIER = com.microsoft.identitysample.MSALiOS;
				PRODUCT_NAME = MSALSwiftUI;
				SDKROOT = macosx;
				SWIFT_VERSION = 5.0;
			};
			name = Release;
		};
/* End XCBuildConfiguration section */

/* Begin XCConfigurationList section */
		D8AFBD1426C95578009DD30D /* Build configuration list for PBXProject "MSALSwiftUI" */ = {
			isa = XCConfigurationList;
			buildConfigurations = (
				D8AFBD2F26C95579009DD30D /* Debug */,
				D8AFBD3026C95579009DD30D /* Release */,
			);
			defaultConfigurationIsVisible = 0;
			defaultConfigurationName = Release;
		};
		D8AFBD3126C95579009DD30D /* Build configuration list for PBXNativeTarget "MSALSwiftUI (iOS)" */ = {
			isa = XCConfigurationList;
			buildConfigurations = (
				D8AFBD3226C95579009DD30D /* Debug */,
				D8AFBD3326C95579009DD30D /* Release */,
			);
			defaultConfigurationIsVisible = 0;
			defaultConfigurationName = Release;
		};
		D8AFBD3426C95579009DD30D /* Build configuration list for PBXNativeTarget "MSALSwiftUI (macOS)" */ = {
			isa = XCConfigurationList;
			buildConfigurations = (
				D8AFBD3526C95579009DD30D /* Debug */,
				D8AFBD3626C95579009DD30D /* Release */,
			);
			defaultConfigurationIsVisible = 0;
			defaultConfigurationName = Release;
		};
/* End XCConfigurationList section */

/* Begin XCRemoteSwiftPackageReference section */
		D8AFBD3726C956AE009DD30D /* XCRemoteSwiftPackageReference "microsoft-authentication-library-for-objc" */ = {
			isa = XCRemoteSwiftPackageReference;
			repositoryURL = "https://github.com/AzureAD/microsoft-authentication-library-for-objc";
			requirement = {
				kind = upToNextMajorVersion;
				minimumVersion = 1.1.20;
			};
		};
		D8AFBD4726C959DE009DD30D /* XCRemoteSwiftPackageReference "Resolver" */ = {
			isa = XCRemoteSwiftPackageReference;
			repositoryURL = "https://github.com/hmlongco/Resolver";
			requirement = {
				kind = upToNextMajorVersion;
				minimumVersion = 1.4.3;
			};
		};
/* End XCRemoteSwiftPackageReference section */

/* Begin XCSwiftPackageProductDependency section */
		D8AFBD3826C956AE009DD30D /* MSAL */ = {
			isa = XCSwiftPackageProductDependency;
			package = D8AFBD3726C956AE009DD30D /* XCRemoteSwiftPackageReference "microsoft-authentication-library-for-objc" */;
			productName = MSAL;
		};
		D8AFBD4826C959DE009DD30D /* Resolver */ = {
			isa = XCSwiftPackageProductDependency;
			package = D8AFBD4726C959DE009DD30D /* XCRemoteSwiftPackageReference "Resolver" */;
			productName = Resolver;
		};
/* End XCSwiftPackageProductDependency section */
	};
	rootObject = D8AFBD1126C95578009DD30D /* Project object */;
}
